{
  "name": "rsps-server",
  "version": "1.0.0",
  "lockfileVersion": 3,
  "requires": true,
  "packages": {
    "": {
      "name": "rsps-server",
      "version": "1.0.0",
      "dependencies": {
        "bigint-crypto-utils": "^3.3.0",
        "chalk": "^5.3.0",
        "isaac-prng": "^1.0.16",
        "node-forge": "^1.3.1",
        "uuid": "^9.0.1"
      },
      "devDependencies": {
        "@types/uuid": "^9.0.8"
      }
    },
    "node_modules/@types/uuid": {
      "version": "9.0.8",
      "resolved": "https://registry.npmjs.org/@types/uuid/-/uuid-9.0.8.tgz",
      "integrity": "sha512-jg+97EGIcY9AGHJJRaaPVgetKDsrTgbRjQ5Msgjh/DQKEFl0DtyRr/VCOyD1T2R1MNeWPK/u7JoGhlDZnKBAfA==",
      "dev": true
    },
    "node_modules/bigint-crypto-utils": {
      "version": "3.3.0",
      "resolved": "https://registry.npmjs.org/bigint-crypto-utils/-/bigint-crypto-utils-3.3.0.tgz",
      "integrity": "sha512-jOTSb+drvEDxEq6OuUybOAv/xxoh3cuYRUIPyu8sSHQNKM303UQ2R1DAo45o1AkcIXw6fzbaFI1+xGGdaXs2lg==",
      "engines": {
        "node": ">=14.0.0"
      }
    },
    "node_modules/chalk": {
      "version": "5.3.0",
      "resolved": "https://registry.npmjs.org/chalk/-/chalk-5.3.0.tgz",
      "integrity": "sha512-dLitG79d+GV1Nb/VYcCDFivJeK1hiukt9QjRNVOsUtTy1rR1YJsmpGGTZ3qJos+uw7WmWF4wUwBd9jxjocFC2w==",
      "engines": {
        "node": "^12.17.0 || ^14.13 || >=16.0.0"
      },
      "funding": {
        "url": "https://github.com/chalk/chalk?sponsor=1"
      }
    },
    "node_modules/isaac-prng": {
      "version": "1.0.16",
      "resolved": "https://registry.npmjs.org/isaac-prng/-/isaac-prng-1.0.16.tgz",
      "integrity": "sha512-lbGV00EwHk2Z/GsAQROvwqc2N1DbBCQWlBfMkAYXRIhYOWgzxvHL240XCxNBgeVod/12yzsB3OPCTVt3qKcRTQ=="
    },
    "node_modules/node-forge": {
      "version": "1.3.1",
      "resolved": "https://registry.npmjs.org/node-forge/-/node-forge-1.3.1.tgz",
      "integrity": "sha512-dPEtOeMvF9VMcYV/1Wb8CPoVAXtp6MKMlcbAt4ddqmGqUJ6fQZFXkNZNkNlfevtNkGtaSoXf/vNNNSvgrdXwtA==",
      "engines": {
        "node": ">= 6.13.0"
      }
    },
    "node_modules/uuid": {
      "version": "9.0.1",
      "resolved": "https://registry.npmjs.org/uuid/-/uuid-9.0.1.tgz",
      "integrity": "sha512-b+1eJOlsR9K8HJpow9Ok3fiWOWSIcIzXodvv0rQjVoOVNpWMpxf1wZNpt4y9h10odCNrqnYp1OBzRktckBe3sA==",
      "funding": [
        "https://github.com/sponsors/broofa",
        "https://github.com/sponsors/ctavan"
      ],
      "bin": {
        "uuid": "dist/bin/uuid"
      }
    }
  }
}
